
Microsoft Visual Studio Solution File, Format Version 12.00
# Visual Studio 14
VisualStudioVersion = 14.0.25420.1
MinimumVisualStudioVersion = 10.0.40219.1
Project("{A07B5EB6-E848-4116-A8D0-A826331D98C6}") = "AirTrafficControlApplication", "AirTrafficControlApplication\AirTrafficControlApplication.sfproj", "{D875E47F-986B-4BF1-89A9-312D0BB40348}"
EndProject
Project("{FAE04EC0-301F-11D3-BF4B-00C04F79EFBC}") = "AirTrafficControl.Actors", "AirTrafficControl\AirTrafficControl.Actors.csproj", "{FEE56668-C053-45A0-9410-946D30B0150C}"
EndProject
Project("{FAE04EC0-301F-11D3-BF4B-00C04F79EFBC}") = "AirTrafficControl.Interfaces", "AirTrafficControl.Interfaces\AirTrafficControl.Interfaces.csproj", "{E615A49E-4A25-4322-8317-33BC01130928}"
EndProject
Project("{FAE04EC0-301F-11D3-BF4B-00C04F79EFBC}") = "AirTrafficControl.Web", "AirTrafficControl.Web\AirTrafficControl.Web.csproj", "{0BB29190-3F29-4431-A8C7-EFEBD3E24042}"
EndProject
Project("{151D2E53-A2C4-4D7D-83FE-D05416EBD58E}") = "ClusterResource", "ClusterResource\ClusterResource.deployproj", "{B247729F-DAD4-4529-ADF5-98071E975007}"
EndProject
Project("{FAE04EC0-301F-11D3-BF4B-00C04F79EFBC}") = "AirTrafficControl.Common", "AirTrafficControl.Common\AirTrafficControl.Common.csproj", "{CF947161-BFBB-4C3F-9E9F-6973C26E3624}"
EndProject
Project("{FAE04EC0-301F-11D3-BF4B-00C04F79EFBC}") = "AirTrafficControl.Atc", "AirTrafficControl.Atc\AirTrafficControl.Atc.csproj", "{76C74BD5-F1BE-4699-9436-BA15352C2C5F}"
EndProject
Project("{FAE04EC0-301F-11D3-BF4B-00C04F79EFBC}") = "AirTrafficControl.Tests", "AirTrafficControl.Tests\AirTrafficControl.Tests.csproj", "{19576498-B58A-4E57-AE37-5D5629383BEA}"
EndProject
Project("{FAE04EC0-301F-11D3-BF4B-00C04F79EFBC}") = "Microsoft.Extensions.Diagnostics", "Microsoft.Extensions.Diagnostics\Microsoft.Extensions.Diagnostics.csproj", "{5F87E027-BA54-469C-AD4D-EA52F9D8CEAB}"
EndProject
Project("{FAE04EC0-301F-11D3-BF4B-00C04F79EFBC}") = "Microsoft.Extensions.Diagnostics.Fabric", "Microsoft.Extensions.Diagnostics.Fabric\Microsoft.Extensions.Diagnostics.Fabric.csproj", "{2D19BF76-04E1-4969-AD66-984160D38E2C}"
EndProject
Global
	GlobalSection(SolutionConfigurationPlatforms) = preSolution
		Debug|Any CPU = Debug|Any CPU
		Debug|x64 = Debug|x64
		Release|Any CPU = Release|Any CPU
		Release|x64 = Release|x64
	EndGlobalSection
	GlobalSection(ProjectConfigurationPlatforms) = postSolution
		{D875E47F-986B-4BF1-89A9-312D0BB40348}.Debug|Any CPU.ActiveCfg = Debug|x64
		{D875E47F-986B-4BF1-89A9-312D0BB40348}.Debug|x64.ActiveCfg = Debug|x64
		{D875E47F-986B-4BF1-89A9-312D0BB40348}.Debug|x64.Build.0 = Debug|x64
		{D875E47F-986B-4BF1-89A9-312D0BB40348}.Debug|x64.Deploy.0 = Debug|x64
		{D875E47F-986B-4BF1-89A9-312D0BB40348}.Release|Any CPU.ActiveCfg = Release|x64
		{D875E47F-986B-4BF1-89A9-312D0BB40348}.Release|x64.ActiveCfg = Release|x64
		{D875E47F-986B-4BF1-89A9-312D0BB40348}.Release|x64.Build.0 = Release|x64
		{D875E47F-986B-4BF1-89A9-312D0BB40348}.Release|x64.Deploy.0 = Release|x64
		{FEE56668-C053-45A0-9410-946D30B0150C}.Debug|Any CPU.ActiveCfg = Debug|x64
		{FEE56668-C053-45A0-9410-946D30B0150C}.Debug|x64.ActiveCfg = Debug|x64
		{FEE56668-C053-45A0-9410-946D30B0150C}.Debug|x64.Build.0 = Debug|x64
		{FEE56668-C053-45A0-9410-946D30B0150C}.Release|Any CPU.ActiveCfg = Release|x64
		{FEE56668-C053-45A0-9410-946D30B0150C}.Release|x64.ActiveCfg = Release|x64
		{FEE56668-C053-45A0-9410-946D30B0150C}.Release|x64.Build.0 = Release|x64
		{E615A49E-4A25-4322-8317-33BC01130928}.Debug|Any CPU.ActiveCfg = Debug|x64
		{E615A49E-4A25-4322-8317-33BC01130928}.Debug|x64.ActiveCfg = Debug|x64
		{E615A49E-4A25-4322-8317-33BC01130928}.Debug|x64.Build.0 = Debug|x64
		{E615A49E-4A25-4322-8317-33BC01130928}.Release|Any CPU.ActiveCfg = Release|x64
		{E615A49E-4A25-4322-8317-33BC01130928}.Release|x64.ActiveCfg = Release|x64
		{E615A49E-4A25-4322-8317-33BC01130928}.Release|x64.Build.0 = Release|x64
		{0BB29190-3F29-4431-A8C7-EFEBD3E24042}.Debug|Any CPU.ActiveCfg = Debug|x64
		{0BB29190-3F29-4431-A8C7-EFEBD3E24042}.Debug|x64.ActiveCfg = Debug|x64
		{0BB29190-3F29-4431-A8C7-EFEBD3E24042}.Debug|x64.Build.0 = Debug|x64
		{0BB29190-3F29-4431-A8C7-EFEBD3E24042}.Release|Any CPU.ActiveCfg = Release|x64
		{0BB29190-3F29-4431-A8C7-EFEBD3E24042}.Release|x64.ActiveCfg = Release|x64
		{0BB29190-3F29-4431-A8C7-EFEBD3E24042}.Release|x64.Build.0 = Release|x64
		{B247729F-DAD4-4529-ADF5-98071E975007}.Debug|Any CPU.ActiveCfg = Debug|Any CPU
		{B247729F-DAD4-4529-ADF5-98071E975007}.Debug|Any CPU.Build.0 = Debug|Any CPU
		{B247729F-DAD4-4529-ADF5-98071E975007}.Debug|x64.ActiveCfg = Debug|Any CPU
		{B247729F-DAD4-4529-ADF5-98071E975007}.Debug|x64.Build.0 = Debug|Any CPU
		{B247729F-DAD4-4529-ADF5-98071E975007}.Release|Any CPU.ActiveCfg = Release|Any CPU
		{B247729F-DAD4-4529-ADF5-98071E975007}.Release|Any CPU.Build.0 = Release|Any CPU
		{B247729F-DAD4-4529-ADF5-98071E975007}.Release|x64.ActiveCfg = Release|Any CPU
		{B247729F-DAD4-4529-ADF5-98071E975007}.Release|x64.Build.0 = Release|Any CPU
		{CF947161-BFBB-4C3F-9E9F-6973C26E3624}.Debug|Any CPU.ActiveCfg = Debug|Any CPU
		{CF947161-BFBB-4C3F-9E9F-6973C26E3624}.Debug|Any CPU.Build.0 = Debug|Any CPU
		{CF947161-BFBB-4C3F-9E9F-6973C26E3624}.Debug|x64.ActiveCfg = Debug|Any CPU
		{CF947161-BFBB-4C3F-9E9F-6973C26E3624}.Debug|x64.Build.0 = Debug|Any CPU
		{CF947161-BFBB-4C3F-9E9F-6973C26E3624}.Release|Any CPU.ActiveCfg = Release|Any CPU
		{CF947161-BFBB-4C3F-9E9F-6973C26E3624}.Release|Any CPU.Build.0 = Release|Any CPU
		{CF947161-BFBB-4C3F-9E9F-6973C26E3624}.Release|x64.ActiveCfg = Release|Any CPU
		{CF947161-BFBB-4C3F-9E9F-6973C26E3624}.Release|x64.Build.0 = Release|Any CPU
		{76C74BD5-F1BE-4699-9436-BA15352C2C5F}.Debug|Any CPU.ActiveCfg = Debug|x64
		{76C74BD5-F1BE-4699-9436-BA15352C2C5F}.Debug|x64.ActiveCfg = Debug|x64
		{76C74BD5-F1BE-4699-9436-BA15352C2C5F}.Debug|x64.Build.0 = Debug|x64
		{76C74BD5-F1BE-4699-9436-BA15352C2C5F}.Release|Any CPU.ActiveCfg = Release|x64
		{76C74BD5-F1BE-4699-9436-BA15352C2C5F}.Release|x64.ActiveCfg = Release|x64
		{76C74BD5-F1BE-4699-9436-BA15352C2C5F}.Release|x64.Build.0 = Release|x64
		{19576498-B58A-4E57-AE37-5D5629383BEA}.Debug|Any CPU.ActiveCfg = Debug|Any CPU
		{19576498-B58A-4E57-AE37-5D5629383BEA}.Debug|Any CPU.Build.0 = Debug|Any CPU
		{19576498-B58A-4E57-AE37-5D5629383BEA}.Debug|x64.ActiveCfg = Debug|Any CPU
		{19576498-B58A-4E57-AE37-5D5629383BEA}.Debug|x64.Build.0 = Debug|Any CPU
		{19576498-B58A-4E57-AE37-5D5629383BEA}.Release|Any CPU.ActiveCfg = Release|Any CPU
		{19576498-B58A-4E57-AE37-5D5629383BEA}.Release|Any CPU.Build.0 = Release|Any CPU
		{19576498-B58A-4E57-AE37-5D5629383BEA}.Release|x64.ActiveCfg = Release|Any CPU
		{19576498-B58A-4E57-AE37-5D5629383BEA}.Release|x64.Build.0 = Release|Any CPU
		{5F87E027-BA54-469C-AD4D-EA52F9D8CEAB}.Debug|Any CPU.ActiveCfg = Debug|x64
		{5F87E027-BA54-469C-AD4D-EA52F9D8CEAB}.Debug|x64.ActiveCfg = Debug|x64
		{5F87E027-BA54-469C-AD4D-EA52F9D8CEAB}.Debug|x64.Build.0 = Debug|x64
		{5F87E027-BA54-469C-AD4D-EA52F9D8CEAB}.Release|Any CPU.ActiveCfg = Release|x64
		{5F87E027-BA54-469C-AD4D-EA52F9D8CEAB}.Release|x64.ActiveCfg = Release|x64
		{5F87E027-BA54-469C-AD4D-EA52F9D8CEAB}.Release|x64.Build.0 = Release|x64
		{2D19BF76-04E1-4969-AD66-984160D38E2C}.Debug|Any CPU.ActiveCfg = Debug|x64
		{2D19BF76-04E1-4969-AD66-984160D38E2C}.Debug|x64.ActiveCfg = Debug|x64
		{2D19BF76-04E1-4969-AD66-984160D38E2C}.Debug|x64.Build.0 = Debug|x64
		{2D19BF76-04E1-4969-AD66-984160D38E2C}.Release|Any CPU.ActiveCfg = Release|x64
		{2D19BF76-04E1-4969-AD66-984160D38E2C}.Release|x64.ActiveCfg = Release|x64
		{2D19BF76-04E1-4969-AD66-984160D38E2C}.Release|x64.Build.0 = Release|x64
	EndGlobalSection
	GlobalSection(SolutionProperties) = preSolution
		HideSolutionNode = FALSE
	EndGlobalSection
EndGlobal
