
Microsoft Visual Studio Solution File, Format Version 12.00
# Visual Studio 14
VisualStudioVersion = 14.0.25420.1
MinimumVisualStudioVersion = 10.0.40219.1
Project("{2150E333-8FDC-42A3-9474-1A3956D46DE8}") = "Core", "Core", "{FC86C736-6428-431B-B83F-940BF7182757}"
EndProject
Project("{2150E333-8FDC-42A3-9474-1A3956D46DE8}") = "Inputs", "Inputs", "{47200F40-43E1-4B09-B803-A921FED2BF05}"
EndProject
Project("{2150E333-8FDC-42A3-9474-1A3956D46DE8}") = "Ouputs", "Ouputs", "{5AD3BB0F-B6F8-4361-AC2D-CC3514DA37A0}"
EndProject
Project("{8BB2217D-0F2D-49D1-97BC-3654ED321F3B}") = "Microsoft.Diagnostics.EventFlow.Core", "src\Microsoft.Diagnostics.EventFlow.Core\Microsoft.Diagnostics.EventFlow.Core.xproj", "{F1EF768D-9E8B-42D5-B0E1-C7EF2270C245}"
	ProjectSection(ProjectDependencies) = postProject
		{DF757591-70DA-4367-AC08-396B170629F5} = {DF757591-70DA-4367-AC08-396B170629F5}
	EndProjectSection
EndProject
Project("{2150E333-8FDC-42A3-9474-1A3956D46DE8}") = "Consumers", "Consumers", "{D67068AF-16BB-4037-BE4E-B642419089BA}"
EndProject
Project("{8BB2217D-0F2D-49D1-97BC-3654ED321F3B}") = "Microsoft.Diagnostics.EventFlow.Consumers.ASPNET", "src\Microsoft.Diagnostics.EventFlow.Consumers.ASPNET\Microsoft.Diagnostics.EventFlow.Consumers.ASPNET.xproj", "{0EB2C089-06A7-495D-8909-E00C88E112D3}"
EndProject
Project("{8BB2217D-0F2D-49D1-97BC-3654ED321F3B}") = "Microsoft.Diagnostics.EventFlow.Outputs.ElasticSearch", "src\Microsoft.Diagnostics.EventFlow.Outputs.ElasticSearch\Microsoft.Diagnostics.EventFlow.Outputs.ElasticSearch.xproj", "{B6372F30-BBDC-41A4-AFB0-93D571DDA9FB}"
EndProject
Project("{8BB2217D-0F2D-49D1-97BC-3654ED321F3B}") = "Microsoft.Diagnostics.EventFlow.Outputs.TableStorage", "src\Microsoft.Diagnostics.EventFlow.Outputs.TableStorage\Microsoft.Diagnostics.EventFlow.Outputs.TableStorage.xproj", "{B56C3023-E73E-43C4-859A-8AD328E675ED}"
EndProject
Project("{8BB2217D-0F2D-49D1-97BC-3654ED321F3B}") = "Microsoft.Diagnostics.EventFlow.Inputs.EventSource", "src\Microsoft.Diagnostics.EventFlow.Inputs.EventSource\Microsoft.Diagnostics.EventFlow.Inputs.EventSource.xproj", "{705EB0A8-8FB0-4F80-8F6A-7BB71A202A2A}"
EndProject
Project("{8BB2217D-0F2D-49D1-97BC-3654ED321F3B}") = "Microsoft.Diagnostics.EventFlow.Inputs.PerformanceCounter", "src\Microsoft.Diagnostics.EventFlow.Inputs.PerformanceCounter\Microsoft.Diagnostics.EventFlow.Inputs.PerformanceCounter.xproj", "{02D7E06C-E535-4BDC-8990-7A403DA546D9}"
EndProject
Project("{8BB2217D-0F2D-49D1-97BC-3654ED321F3B}") = "Microsoft.Diagnostics.EventFlow.Outputs.ApplicationInsights", "src\Microsoft.Diagnostics.EventFlow.Outputs.ApplicationInsights\Microsoft.Diagnostics.EventFlow.Outputs.ApplicationInsights.xproj", "{EF3B9B49-1372-4A4B-9E20-A2C1ADABEB64}"
EndProject
Project("{FAE04EC0-301F-11D3-BF4B-00C04F79EFBC}") = "Microsoft.Diagnostics.EventFlow.Consumers.ConsoleApp", "src\Microsoft.Diagnostics.EventFlow.Consumers.ConsoleApp\Microsoft.Diagnostics.EventFlow.Consumers.ConsoleApp.csproj", "{F0DC8BED-405A-42C7-8D65-A46385F859F9}"
	ProjectSection(ProjectDependencies) = postProject
		{B56C3023-E73E-43C4-859A-8AD328E675ED} = {B56C3023-E73E-43C4-859A-8AD328E675ED}
		{B254AD24-EBDF-4871-8A69-184D167923F0} = {B254AD24-EBDF-4871-8A69-184D167923F0}
		{B6372F30-BBDC-41A4-AFB0-93D571DDA9FB} = {B6372F30-BBDC-41A4-AFB0-93D571DDA9FB}
		{EF3B9B49-1372-4A4B-9E20-A2C1ADABEB64} = {EF3B9B49-1372-4A4B-9E20-A2C1ADABEB64}
		{02D7E06C-E535-4BDC-8990-7A403DA546D9} = {02D7E06C-E535-4BDC-8990-7A403DA546D9}
		{F1EF768D-9E8B-42D5-B0E1-C7EF2270C245} = {F1EF768D-9E8B-42D5-B0E1-C7EF2270C245}
		{03836F90-8D65-4A93-834C-5CE22F3292B5} = {03836F90-8D65-4A93-834C-5CE22F3292B5}
		{7072DB92-0FDA-4B87-ABFD-897882C9284A} = {7072DB92-0FDA-4B87-ABFD-897882C9284A}
		{705EB0A8-8FB0-4F80-8F6A-7BB71A202A2A} = {705EB0A8-8FB0-4F80-8F6A-7BB71A202A2A}
		{49A23DFF-CE13-4413-A024-65247B30D09C} = {49A23DFF-CE13-4413-A024-65247B30D09C}
	EndProjectSection
EndProject
Project("{8BB2217D-0F2D-49D1-97BC-3654ED321F3B}") = "Microsoft.Diagnostics.EventFlow.Inputs.Trace", "src\Microsoft.Diagnostics.EventFlow.Inputs.Trace\Microsoft.Diagnostics.EventFlow.Inputs.Trace.xproj", "{03836F90-8D65-4A93-834C-5CE22F3292B5}"
EndProject
Project("{8BB2217D-0F2D-49D1-97BC-3654ED321F3B}") = "Microsoft.Diagnostics.EventFlow.Outputs.StdOutput", "src\Microsoft.Diagnostics.EventFlow.Outputs.StdOutput\Microsoft.Diagnostics.EventFlow.Outputs.StdOutput.xproj", "{49A23DFF-CE13-4413-A024-65247B30D09C}"
EndProject
Project("{8BB2217D-0F2D-49D1-97BC-3654ED321F3B}") = "Microsoft.Diagnostics.EventFlow.Consumers.ConsoleAppCore", "src\Microsoft.Diagnostics.EventFlow.Consumers.ConsoleAppCore\Microsoft.Diagnostics.EventFlow.Consumers.ConsoleAppCore.xproj", "{8DD84071-078D-4B93-9BC5-968F0F67CCA3}"
EndProject
Project("{2150E333-8FDC-42A3-9474-1A3956D46DE8}") = "UnitTests", "UnitTests", "{86A33E36-2266-4E31-8D91-1F720C9A1F27}"
EndProject
Project("{8BB2217D-0F2D-49D1-97BC-3654ED321F3B}") = "Microsoft.Diagnostics.EventFlow.Core.Tests", "test\Microsoft.Diagnostics.EventFlow.Core.Tests\Microsoft.Diagnostics.EventFlow.Core.Tests.xproj", "{06D5E2CB-446F-4C92-9E76-17088B0B9ED7}"
EndProject
Project("{8BB2217D-0F2D-49D1-97BC-3654ED321F3B}") = "Microsoft.Diagnostics.EventFlow.Outputs.Tests", "test\Microsoft.Diagnostics.EventFlow.Outputs.Tests\Microsoft.Diagnostics.EventFlow.Outputs.Tests.xproj", "{F66B606A-E2D9-49B1-A3A1-8C1B746435A2}"
EndProject
Project("{8BB2217D-0F2D-49D1-97BC-3654ED321F3B}") = "Microsoft.Diagnostics.EventFlow.Inputs.Tests", "test\Microsoft.Diagnostics.EventFlow.Inputs.Tests\Microsoft.Diagnostics.EventFlow.Inputs.Tests.xproj", "{4F92132C-C455-40DD-A02D-A204FCF9DF50}"
EndProject
Project("{2150E333-8FDC-42A3-9474-1A3956D46DE8}") = "Scripts", "Scripts", "{E7AA4B2F-C884-48F2-B521-4355D84F6CEF}"
	ProjectSection(SolutionItems) = preProject
		tools\buildRelease.cmd = tools\buildRelease.cmd
		tools\createNugetPackages.cmd = tools\createNugetPackages.cmd
		tools\restore.cmd = tools\restore.cmd
		tools\runtest.cmd = tools\runtest.cmd
		tools\scorch.cmd = tools\scorch.cmd
	EndProjectSection
EndProject
Project("{FAE04EC0-301F-11D3-BF4B-00C04F79EFBC}") = "Microsoft.Diagnostics.EventFlow.FilterParserGenerator", "src\Microsoft.Diagnostics.EventFlow.FilterParserGenerator\Microsoft.Diagnostics.EventFlow.FilterParserGenerator.csproj", "{DF757591-70DA-4367-AC08-396B170629F5}"
EndProject
Project("{2150E333-8FDC-42A3-9474-1A3956D46DE8}") = "Platform Support", "Platform Support", "{23A17E0F-86FD-4C55-A448-9A43C4C5E451}"
EndProject
Project("{2150E333-8FDC-42A3-9474-1A3956D46DE8}") = "Incubation", "Incubation", "{DF3A81C9-6084-4945-B493-39B9A78572C2}"
EndProject
Project("{8BB2217D-0F2D-49D1-97BC-3654ED321F3B}") = "Microsoft.Diagnostics.EventFlow.Outputs.EventHub", "src\Microsoft.Diagnostics.EventFlow.Outputs.EventHub\Microsoft.Diagnostics.EventFlow.Outputs.EventHub.xproj", "{7072DB92-0FDA-4B87-ABFD-897882C9284A}"
EndProject
Project("{8BB2217D-0F2D-49D1-97BC-3654ED321F3B}") = "Microsoft.Diagnostics.EventFlow.Outputs.Oms", "src\Microsoft.Diagnostics.EventFlow.Outputs.Oms\Microsoft.Diagnostics.EventFlow.Outputs.Oms.xproj", "{B254AD24-EBDF-4871-8A69-184D167923F0}"
EndProject
Project("{8BB2217D-0F2D-49D1-97BC-3654ED321F3B}") = "Microsoft.Diagnostics.EventFlow.ServiceFabric", "src\Microsoft.Diagnostics.EventFlow.ServiceFabric\Microsoft.Diagnostics.EventFlow.ServiceFabric.xproj", "{E988D6E6-5DC2-4FED-9AD6-3B2B5EF2BD58}"
EndProject
Global
	GlobalSection(SolutionConfigurationPlatforms) = preSolution
		Debug|Any CPU = Debug|Any CPU
		Debug|x64 = Debug|x64
		Release|Any CPU = Release|Any CPU
		Release|x64 = Release|x64
	EndGlobalSection
	GlobalSection(ProjectConfigurationPlatforms) = postSolution
		{F1EF768D-9E8B-42D5-B0E1-C7EF2270C245}.Debug|Any CPU.ActiveCfg = Debug|Any CPU
		{F1EF768D-9E8B-42D5-B0E1-C7EF2270C245}.Debug|Any CPU.Build.0 = Debug|Any CPU
		{F1EF768D-9E8B-42D5-B0E1-C7EF2270C245}.Debug|x64.ActiveCfg = Debug|Any CPU
		{F1EF768D-9E8B-42D5-B0E1-C7EF2270C245}.Debug|x64.Build.0 = Debug|Any CPU
		{F1EF768D-9E8B-42D5-B0E1-C7EF2270C245}.Release|Any CPU.ActiveCfg = Release|Any CPU
		{F1EF768D-9E8B-42D5-B0E1-C7EF2270C245}.Release|Any CPU.Build.0 = Release|Any CPU
		{F1EF768D-9E8B-42D5-B0E1-C7EF2270C245}.Release|x64.ActiveCfg = Release|Any CPU
		{F1EF768D-9E8B-42D5-B0E1-C7EF2270C245}.Release|x64.Build.0 = Release|Any CPU
		{0EB2C089-06A7-495D-8909-E00C88E112D3}.Debug|Any CPU.ActiveCfg = Debug|Any CPU
		{0EB2C089-06A7-495D-8909-E00C88E112D3}.Debug|Any CPU.Build.0 = Debug|Any CPU
		{0EB2C089-06A7-495D-8909-E00C88E112D3}.Debug|x64.ActiveCfg = Debug|Any CPU
		{0EB2C089-06A7-495D-8909-E00C88E112D3}.Debug|x64.Build.0 = Debug|Any CPU
		{0EB2C089-06A7-495D-8909-E00C88E112D3}.Release|Any CPU.ActiveCfg = Release|Any CPU
		{0EB2C089-06A7-495D-8909-E00C88E112D3}.Release|Any CPU.Build.0 = Release|Any CPU
		{0EB2C089-06A7-495D-8909-E00C88E112D3}.Release|x64.ActiveCfg = Release|Any CPU
		{0EB2C089-06A7-495D-8909-E00C88E112D3}.Release|x64.Build.0 = Release|Any CPU
		{B6372F30-BBDC-41A4-AFB0-93D571DDA9FB}.Debug|Any CPU.ActiveCfg = Debug|Any CPU
		{B6372F30-BBDC-41A4-AFB0-93D571DDA9FB}.Debug|Any CPU.Build.0 = Debug|Any CPU
		{B6372F30-BBDC-41A4-AFB0-93D571DDA9FB}.Debug|x64.ActiveCfg = Debug|Any CPU
		{B6372F30-BBDC-41A4-AFB0-93D571DDA9FB}.Debug|x64.Build.0 = Debug|Any CPU
		{B6372F30-BBDC-41A4-AFB0-93D571DDA9FB}.Release|Any CPU.ActiveCfg = Release|Any CPU
		{B6372F30-BBDC-41A4-AFB0-93D571DDA9FB}.Release|Any CPU.Build.0 = Release|Any CPU
		{B6372F30-BBDC-41A4-AFB0-93D571DDA9FB}.Release|x64.ActiveCfg = Release|Any CPU
		{B6372F30-BBDC-41A4-AFB0-93D571DDA9FB}.Release|x64.Build.0 = Release|Any CPU
		{B56C3023-E73E-43C4-859A-8AD328E675ED}.Debug|Any CPU.ActiveCfg = Debug|Any CPU
		{B56C3023-E73E-43C4-859A-8AD328E675ED}.Debug|Any CPU.Build.0 = Debug|Any CPU
		{B56C3023-E73E-43C4-859A-8AD328E675ED}.Debug|x64.ActiveCfg = Debug|Any CPU
		{B56C3023-E73E-43C4-859A-8AD328E675ED}.Debug|x64.Build.0 = Debug|Any CPU
		{B56C3023-E73E-43C4-859A-8AD328E675ED}.Release|Any CPU.ActiveCfg = Release|Any CPU
		{B56C3023-E73E-43C4-859A-8AD328E675ED}.Release|Any CPU.Build.0 = Release|Any CPU
		{B56C3023-E73E-43C4-859A-8AD328E675ED}.Release|x64.ActiveCfg = Release|Any CPU
		{B56C3023-E73E-43C4-859A-8AD328E675ED}.Release|x64.Build.0 = Release|Any CPU
		{705EB0A8-8FB0-4F80-8F6A-7BB71A202A2A}.Debug|Any CPU.ActiveCfg = Debug|Any CPU
		{705EB0A8-8FB0-4F80-8F6A-7BB71A202A2A}.Debug|Any CPU.Build.0 = Debug|Any CPU
		{705EB0A8-8FB0-4F80-8F6A-7BB71A202A2A}.Debug|x64.ActiveCfg = Debug|Any CPU
		{705EB0A8-8FB0-4F80-8F6A-7BB71A202A2A}.Debug|x64.Build.0 = Debug|Any CPU
		{705EB0A8-8FB0-4F80-8F6A-7BB71A202A2A}.Release|Any CPU.ActiveCfg = Release|Any CPU
		{705EB0A8-8FB0-4F80-8F6A-7BB71A202A2A}.Release|Any CPU.Build.0 = Release|Any CPU
		{705EB0A8-8FB0-4F80-8F6A-7BB71A202A2A}.Release|x64.ActiveCfg = Release|Any CPU
		{705EB0A8-8FB0-4F80-8F6A-7BB71A202A2A}.Release|x64.Build.0 = Release|Any CPU
		{02D7E06C-E535-4BDC-8990-7A403DA546D9}.Debug|Any CPU.ActiveCfg = Debug|Any CPU
		{02D7E06C-E535-4BDC-8990-7A403DA546D9}.Debug|Any CPU.Build.0 = Debug|Any CPU
		{02D7E06C-E535-4BDC-8990-7A403DA546D9}.Debug|x64.ActiveCfg = Debug|Any CPU
		{02D7E06C-E535-4BDC-8990-7A403DA546D9}.Debug|x64.Build.0 = Debug|Any CPU
		{02D7E06C-E535-4BDC-8990-7A403DA546D9}.Release|Any CPU.ActiveCfg = Release|Any CPU
		{02D7E06C-E535-4BDC-8990-7A403DA546D9}.Release|Any CPU.Build.0 = Release|Any CPU
		{02D7E06C-E535-4BDC-8990-7A403DA546D9}.Release|x64.ActiveCfg = Release|Any CPU
		{02D7E06C-E535-4BDC-8990-7A403DA546D9}.Release|x64.Build.0 = Release|Any CPU
		{EF3B9B49-1372-4A4B-9E20-A2C1ADABEB64}.Debug|Any CPU.ActiveCfg = Debug|Any CPU
		{EF3B9B49-1372-4A4B-9E20-A2C1ADABEB64}.Debug|Any CPU.Build.0 = Debug|Any CPU
		{EF3B9B49-1372-4A4B-9E20-A2C1ADABEB64}.Debug|x64.ActiveCfg = Debug|Any CPU
		{EF3B9B49-1372-4A4B-9E20-A2C1ADABEB64}.Debug|x64.Build.0 = Debug|Any CPU
		{EF3B9B49-1372-4A4B-9E20-A2C1ADABEB64}.Release|Any CPU.ActiveCfg = Release|Any CPU
		{EF3B9B49-1372-4A4B-9E20-A2C1ADABEB64}.Release|Any CPU.Build.0 = Release|Any CPU
		{EF3B9B49-1372-4A4B-9E20-A2C1ADABEB64}.Release|x64.ActiveCfg = Release|Any CPU
		{EF3B9B49-1372-4A4B-9E20-A2C1ADABEB64}.Release|x64.Build.0 = Release|Any CPU
		{F0DC8BED-405A-42C7-8D65-A46385F859F9}.Debug|Any CPU.ActiveCfg = Debug|Any CPU
		{F0DC8BED-405A-42C7-8D65-A46385F859F9}.Debug|Any CPU.Build.0 = Debug|Any CPU
		{F0DC8BED-405A-42C7-8D65-A46385F859F9}.Debug|x64.ActiveCfg = Debug|Any CPU
		{F0DC8BED-405A-42C7-8D65-A46385F859F9}.Debug|x64.Build.0 = Debug|Any CPU
		{F0DC8BED-405A-42C7-8D65-A46385F859F9}.Release|Any CPU.ActiveCfg = Release|Any CPU
		{F0DC8BED-405A-42C7-8D65-A46385F859F9}.Release|Any CPU.Build.0 = Release|Any CPU
		{F0DC8BED-405A-42C7-8D65-A46385F859F9}.Release|x64.ActiveCfg = Release|Any CPU
		{F0DC8BED-405A-42C7-8D65-A46385F859F9}.Release|x64.Build.0 = Release|Any CPU
		{03836F90-8D65-4A93-834C-5CE22F3292B5}.Debug|Any CPU.ActiveCfg = Debug|Any CPU
		{03836F90-8D65-4A93-834C-5CE22F3292B5}.Debug|Any CPU.Build.0 = Debug|Any CPU
		{03836F90-8D65-4A93-834C-5CE22F3292B5}.Debug|x64.ActiveCfg = Debug|Any CPU
		{03836F90-8D65-4A93-834C-5CE22F3292B5}.Debug|x64.Build.0 = Debug|Any CPU
		{03836F90-8D65-4A93-834C-5CE22F3292B5}.Release|Any CPU.ActiveCfg = Release|Any CPU
		{03836F90-8D65-4A93-834C-5CE22F3292B5}.Release|Any CPU.Build.0 = Release|Any CPU
		{03836F90-8D65-4A93-834C-5CE22F3292B5}.Release|x64.ActiveCfg = Release|Any CPU
		{03836F90-8D65-4A93-834C-5CE22F3292B5}.Release|x64.Build.0 = Release|Any CPU
		{49A23DFF-CE13-4413-A024-65247B30D09C}.Debug|Any CPU.ActiveCfg = Debug|Any CPU
		{49A23DFF-CE13-4413-A024-65247B30D09C}.Debug|Any CPU.Build.0 = Debug|Any CPU
		{49A23DFF-CE13-4413-A024-65247B30D09C}.Debug|x64.ActiveCfg = Debug|Any CPU
		{49A23DFF-CE13-4413-A024-65247B30D09C}.Debug|x64.Build.0 = Debug|Any CPU
		{49A23DFF-CE13-4413-A024-65247B30D09C}.Release|Any CPU.ActiveCfg = Release|Any CPU
		{49A23DFF-CE13-4413-A024-65247B30D09C}.Release|Any CPU.Build.0 = Release|Any CPU
		{49A23DFF-CE13-4413-A024-65247B30D09C}.Release|x64.ActiveCfg = Release|Any CPU
		{49A23DFF-CE13-4413-A024-65247B30D09C}.Release|x64.Build.0 = Release|Any CPU
		{8DD84071-078D-4B93-9BC5-968F0F67CCA3}.Debug|Any CPU.ActiveCfg = Debug|Any CPU
		{8DD84071-078D-4B93-9BC5-968F0F67CCA3}.Debug|Any CPU.Build.0 = Debug|Any CPU
		{8DD84071-078D-4B93-9BC5-968F0F67CCA3}.Debug|x64.ActiveCfg = Debug|Any CPU
		{8DD84071-078D-4B93-9BC5-968F0F67CCA3}.Debug|x64.Build.0 = Debug|Any CPU
		{8DD84071-078D-4B93-9BC5-968F0F67CCA3}.Release|Any CPU.ActiveCfg = Release|Any CPU
		{8DD84071-078D-4B93-9BC5-968F0F67CCA3}.Release|Any CPU.Build.0 = Release|Any CPU
		{8DD84071-078D-4B93-9BC5-968F0F67CCA3}.Release|x64.ActiveCfg = Release|Any CPU
		{8DD84071-078D-4B93-9BC5-968F0F67CCA3}.Release|x64.Build.0 = Release|Any CPU
		{06D5E2CB-446F-4C92-9E76-17088B0B9ED7}.Debug|Any CPU.ActiveCfg = Debug|Any CPU
		{06D5E2CB-446F-4C92-9E76-17088B0B9ED7}.Debug|Any CPU.Build.0 = Debug|Any CPU
		{06D5E2CB-446F-4C92-9E76-17088B0B9ED7}.Debug|x64.ActiveCfg = Debug|Any CPU
		{06D5E2CB-446F-4C92-9E76-17088B0B9ED7}.Debug|x64.Build.0 = Debug|Any CPU
		{06D5E2CB-446F-4C92-9E76-17088B0B9ED7}.Release|Any CPU.ActiveCfg = Release|Any CPU
		{06D5E2CB-446F-4C92-9E76-17088B0B9ED7}.Release|Any CPU.Build.0 = Release|Any CPU
		{06D5E2CB-446F-4C92-9E76-17088B0B9ED7}.Release|x64.ActiveCfg = Release|Any CPU
		{06D5E2CB-446F-4C92-9E76-17088B0B9ED7}.Release|x64.Build.0 = Release|Any CPU
		{F66B606A-E2D9-49B1-A3A1-8C1B746435A2}.Debug|Any CPU.ActiveCfg = Debug|Any CPU
		{F66B606A-E2D9-49B1-A3A1-8C1B746435A2}.Debug|Any CPU.Build.0 = Debug|Any CPU
		{F66B606A-E2D9-49B1-A3A1-8C1B746435A2}.Debug|x64.ActiveCfg = Debug|Any CPU
		{F66B606A-E2D9-49B1-A3A1-8C1B746435A2}.Debug|x64.Build.0 = Debug|Any CPU
		{F66B606A-E2D9-49B1-A3A1-8C1B746435A2}.Release|Any CPU.ActiveCfg = Release|Any CPU
		{F66B606A-E2D9-49B1-A3A1-8C1B746435A2}.Release|Any CPU.Build.0 = Release|Any CPU
		{F66B606A-E2D9-49B1-A3A1-8C1B746435A2}.Release|x64.ActiveCfg = Release|Any CPU
		{F66B606A-E2D9-49B1-A3A1-8C1B746435A2}.Release|x64.Build.0 = Release|Any CPU
		{4F92132C-C455-40DD-A02D-A204FCF9DF50}.Debug|Any CPU.ActiveCfg = Debug|Any CPU
		{4F92132C-C455-40DD-A02D-A204FCF9DF50}.Debug|Any CPU.Build.0 = Debug|Any CPU
		{4F92132C-C455-40DD-A02D-A204FCF9DF50}.Debug|x64.ActiveCfg = Debug|Any CPU
		{4F92132C-C455-40DD-A02D-A204FCF9DF50}.Debug|x64.Build.0 = Debug|Any CPU
		{4F92132C-C455-40DD-A02D-A204FCF9DF50}.Release|Any CPU.ActiveCfg = Release|Any CPU
		{4F92132C-C455-40DD-A02D-A204FCF9DF50}.Release|Any CPU.Build.0 = Release|Any CPU
		{4F92132C-C455-40DD-A02D-A204FCF9DF50}.Release|x64.ActiveCfg = Release|Any CPU
		{4F92132C-C455-40DD-A02D-A204FCF9DF50}.Release|x64.Build.0 = Release|Any CPU
		{DF757591-70DA-4367-AC08-396B170629F5}.Debug|Any CPU.ActiveCfg = Debug|Any CPU
		{DF757591-70DA-4367-AC08-396B170629F5}.Debug|Any CPU.Build.0 = Debug|Any CPU
		{DF757591-70DA-4367-AC08-396B170629F5}.Debug|x64.ActiveCfg = Debug|Any CPU
		{DF757591-70DA-4367-AC08-396B170629F5}.Debug|x64.Build.0 = Debug|Any CPU
		{DF757591-70DA-4367-AC08-396B170629F5}.Release|Any CPU.ActiveCfg = Release|Any CPU
		{DF757591-70DA-4367-AC08-396B170629F5}.Release|Any CPU.Build.0 = Release|Any CPU
		{DF757591-70DA-4367-AC08-396B170629F5}.Release|x64.ActiveCfg = Release|Any CPU
		{DF757591-70DA-4367-AC08-396B170629F5}.Release|x64.Build.0 = Release|Any CPU
		{7072DB92-0FDA-4B87-ABFD-897882C9284A}.Debug|Any CPU.ActiveCfg = Debug|Any CPU
		{7072DB92-0FDA-4B87-ABFD-897882C9284A}.Debug|Any CPU.Build.0 = Debug|Any CPU
		{7072DB92-0FDA-4B87-ABFD-897882C9284A}.Debug|x64.ActiveCfg = Debug|Any CPU
		{7072DB92-0FDA-4B87-ABFD-897882C9284A}.Debug|x64.Build.0 = Debug|Any CPU
		{7072DB92-0FDA-4B87-ABFD-897882C9284A}.Release|Any CPU.ActiveCfg = Release|Any CPU
		{7072DB92-0FDA-4B87-ABFD-897882C9284A}.Release|Any CPU.Build.0 = Release|Any CPU
		{7072DB92-0FDA-4B87-ABFD-897882C9284A}.Release|x64.ActiveCfg = Release|Any CPU
		{7072DB92-0FDA-4B87-ABFD-897882C9284A}.Release|x64.Build.0 = Release|Any CPU
		{B254AD24-EBDF-4871-8A69-184D167923F0}.Debug|Any CPU.ActiveCfg = Debug|Any CPU
		{B254AD24-EBDF-4871-8A69-184D167923F0}.Debug|Any CPU.Build.0 = Debug|Any CPU
		{B254AD24-EBDF-4871-8A69-184D167923F0}.Debug|x64.ActiveCfg = Debug|Any CPU
		{B254AD24-EBDF-4871-8A69-184D167923F0}.Debug|x64.Build.0 = Debug|Any CPU
		{B254AD24-EBDF-4871-8A69-184D167923F0}.Release|Any CPU.ActiveCfg = Release|Any CPU
		{B254AD24-EBDF-4871-8A69-184D167923F0}.Release|Any CPU.Build.0 = Release|Any CPU
		{B254AD24-EBDF-4871-8A69-184D167923F0}.Release|x64.ActiveCfg = Release|Any CPU
		{B254AD24-EBDF-4871-8A69-184D167923F0}.Release|x64.Build.0 = Release|Any CPU
		{E988D6E6-5DC2-4FED-9AD6-3B2B5EF2BD58}.Debug|Any CPU.ActiveCfg = Debug|Any CPU
		{E988D6E6-5DC2-4FED-9AD6-3B2B5EF2BD58}.Debug|Any CPU.Build.0 = Debug|Any CPU
		{E988D6E6-5DC2-4FED-9AD6-3B2B5EF2BD58}.Debug|x64.ActiveCfg = Debug|Any CPU
		{E988D6E6-5DC2-4FED-9AD6-3B2B5EF2BD58}.Debug|x64.Build.0 = Debug|Any CPU
		{E988D6E6-5DC2-4FED-9AD6-3B2B5EF2BD58}.Release|Any CPU.ActiveCfg = Release|Any CPU
		{E988D6E6-5DC2-4FED-9AD6-3B2B5EF2BD58}.Release|Any CPU.Build.0 = Release|Any CPU
		{E988D6E6-5DC2-4FED-9AD6-3B2B5EF2BD58}.Release|x64.ActiveCfg = Release|Any CPU
		{E988D6E6-5DC2-4FED-9AD6-3B2B5EF2BD58}.Release|x64.Build.0 = Release|Any CPU
	EndGlobalSection
	GlobalSection(SolutionProperties) = preSolution
		HideSolutionNode = FALSE
	EndGlobalSection
	GlobalSection(NestedProjects) = preSolution
		{F1EF768D-9E8B-42D5-B0E1-C7EF2270C245} = {FC86C736-6428-431B-B83F-940BF7182757}
		{0EB2C089-06A7-495D-8909-E00C88E112D3} = {D67068AF-16BB-4037-BE4E-B642419089BA}
		{B6372F30-BBDC-41A4-AFB0-93D571DDA9FB} = {5AD3BB0F-B6F8-4361-AC2D-CC3514DA37A0}
		{B56C3023-E73E-43C4-859A-8AD328E675ED} = {DF3A81C9-6084-4945-B493-39B9A78572C2}
		{705EB0A8-8FB0-4F80-8F6A-7BB71A202A2A} = {47200F40-43E1-4B09-B803-A921FED2BF05}
		{02D7E06C-E535-4BDC-8990-7A403DA546D9} = {47200F40-43E1-4B09-B803-A921FED2BF05}
		{EF3B9B49-1372-4A4B-9E20-A2C1ADABEB64} = {5AD3BB0F-B6F8-4361-AC2D-CC3514DA37A0}
		{F0DC8BED-405A-42C7-8D65-A46385F859F9} = {D67068AF-16BB-4037-BE4E-B642419089BA}
		{03836F90-8D65-4A93-834C-5CE22F3292B5} = {47200F40-43E1-4B09-B803-A921FED2BF05}
		{49A23DFF-CE13-4413-A024-65247B30D09C} = {5AD3BB0F-B6F8-4361-AC2D-CC3514DA37A0}
		{8DD84071-078D-4B93-9BC5-968F0F67CCA3} = {D67068AF-16BB-4037-BE4E-B642419089BA}
		{06D5E2CB-446F-4C92-9E76-17088B0B9ED7} = {86A33E36-2266-4E31-8D91-1F720C9A1F27}
		{F66B606A-E2D9-49B1-A3A1-8C1B746435A2} = {86A33E36-2266-4E31-8D91-1F720C9A1F27}
		{4F92132C-C455-40DD-A02D-A204FCF9DF50} = {86A33E36-2266-4E31-8D91-1F720C9A1F27}
		{DF757591-70DA-4367-AC08-396B170629F5} = {FC86C736-6428-431B-B83F-940BF7182757}
		{7072DB92-0FDA-4B87-ABFD-897882C9284A} = {5AD3BB0F-B6F8-4361-AC2D-CC3514DA37A0}
		{B254AD24-EBDF-4871-8A69-184D167923F0} = {DF3A81C9-6084-4945-B493-39B9A78572C2}
		{E988D6E6-5DC2-4FED-9AD6-3B2B5EF2BD58} = {23A17E0F-86FD-4C55-A448-9A43C4C5E451}
	EndGlobalSection
EndGlobal
